
Microsoft Visual Studio Solution File, Format Version 12.00
# Visual Studio Version 17
VisualStudioVersion = 17.5.002.0
MinimumVisualStudioVersion = 10.0.40219.1
Project("{9A19103F-16F7-4668-BE54-9A1E7A4F7556}") = "MyApp", "MyApp\MyApp.csproj", "{7F69F430-4956-4FAC-BF7F-5F00C16C9055}"
EndProject
Global
	GlobalSection(SolutionConfigurationPlatforms) = preSolution
		Debug|Any CPU = Debug|Any CPU
		Release|Any CPU = Release|Any CPU
	EndGlobalSection
	GlobalSection(ProjectConfigurationPlatforms) = postSolution
		{7F69F430-4956-4FAC-BF7F-5F00C16C9055}.Debug|Any CPU.ActiveCfg = Debug|Any CPU
		{7F69F430-4956-4FAC-BF7F-5F00C16C9055}.Debug|Any CPU.Build.0 = Debug|Any CPU
		{7F69F430-4956-4FAC-BF7F-5F00C16C9055}.Release|Any CPU.ActiveCfg = Release|Any CPU
		{7F69F430-4956-4FAC-BF7F-5F00C16C9055}.Release|Any CPU.Build.0 = Release|Any CPU
	EndGlobalSection
	GlobalSection(SolutionProperties) = preSolution
		HideSolutionNode = FALSE
	EndGlobalSection
	GlobalSection(ExtensibilityGlobals) = postSolution
		SolutionGuid = {24EFDE66-CCE2-4751-8D6F-7A4F00D37840}
	EndGlobalSection
EndGlobal
